
Microsoft Visual Studio Solution File, Format Version 12.00
# Visual Studio 15
VisualStudioVersion = 15.0.27428.2043
MinimumVisualStudioVersion = 10.0.40219.1
Project("{FAE04EC0-301F-11D3-BF4B-00C04F79EFBC}") = "R001.WebApi", "R001.WebApi\R001.WebApi.csproj", "{545522B0-AC50-456C-AD80-3187A4F081E9}"
EndProject
Project("{2150E333-8FDC-42A3-9474-1A3956D46DE8}") = "R001.Other", "R001.Other", "{217457B2-ABE4-41AC-BBFA-77B8308EE923}"
EndProject
Project("{FAE04EC0-301F-11D3-BF4B-00C04F79EFBC}") = "RWeChat", "RWeChat\RWeChat.csproj", "{81A5DF19-34F3-448A-AC5C-4F61E0B24D3F}"
EndProject
Project("{2150E333-8FDC-42A3-9474-1A3956D46DE8}") = "R001.Test", "R001.Test", "{0A9037E0-7218-40BA-B2F8-7ADF30A5B48E}"
EndProject
Project("{FAE04EC0-301F-11D3-BF4B-00C04F79EFBC}") = "RTest.WebApplication", "RTest.WebApplication\RTest.WebApplication.csproj", "{4DBFD12B-AF11-40CA-9351-F708FCD880EC}"
EndProject
Project("{FAE04EC0-301F-11D3-BF4B-00C04F79EFBC}") = "R001.WebApp", "R001.WebApp\R001.WebApp.csproj", "{710FFF45-96F5-4E13-A878-FA3C0F1A7BFA}"
EndProject
Project("{2150E333-8FDC-42A3-9474-1A3956D46DE8}") = "R001.Utils", "R001.Utils", "{590829A5-1529-4562-ABC1-FF08B8AE87D7}"
EndProject
Project("{FAE04EC0-301F-11D3-BF4B-00C04F79EFBC}") = "Utils.SysManage", "Utils.SysManage\Utils.SysManage.csproj", "{6D11133B-4307-43F8-A2DD-84707C228823}"
EndProject
Project("{2150E333-8FDC-42A3-9474-1A3956D46DE8}") = "R001.Basic", "R001.Basic", "{A562CAAD-D699-4EFA-AA82-65A9823BDBC1}"
EndProject
Project("{FAE04EC0-301F-11D3-BF4B-00C04F79EFBC}") = "R001.Application", "R001.Application\R001.Application.csproj", "{C9A5D6A8-5C66-4371-9F84-9B8F6BF6C5ED}"
EndProject
Project("{FAE04EC0-301F-11D3-BF4B-00C04F79EFBC}") = "R001.EntityMapping", "R001.EntityMapping\R001.EntityMapping.csproj", "{9C3A0849-0188-4DC4-B881-86B7411E7CC6}"
EndProject
Project("{FAE04EC0-301F-11D3-BF4B-00C04F79EFBC}") = "Basic.REM", "Basic.REM\Basic.REM.csproj", "{0A996DF5-9971-475A-A091-0F73E7796B12}"
EndProject
Global
	GlobalSection(SolutionConfigurationPlatforms) = preSolution
		Debug|Any CPU = Debug|Any CPU
		Release|Any CPU = Release|Any CPU
	EndGlobalSection
	GlobalSection(ProjectConfigurationPlatforms) = postSolution
		{545522B0-AC50-456C-AD80-3187A4F081E9}.Debug|Any CPU.ActiveCfg = Debug|Any CPU
		{545522B0-AC50-456C-AD80-3187A4F081E9}.Debug|Any CPU.Build.0 = Debug|Any CPU
		{545522B0-AC50-456C-AD80-3187A4F081E9}.Release|Any CPU.ActiveCfg = Release|Any CPU
		{545522B0-AC50-456C-AD80-3187A4F081E9}.Release|Any CPU.Build.0 = Release|Any CPU
		{81A5DF19-34F3-448A-AC5C-4F61E0B24D3F}.Debug|Any CPU.ActiveCfg = Debug|Any CPU
		{81A5DF19-34F3-448A-AC5C-4F61E0B24D3F}.Debug|Any CPU.Build.0 = Debug|Any CPU
		{81A5DF19-34F3-448A-AC5C-4F61E0B24D3F}.Release|Any CPU.ActiveCfg = Release|Any CPU
		{81A5DF19-34F3-448A-AC5C-4F61E0B24D3F}.Release|Any CPU.Build.0 = Release|Any CPU
		{4DBFD12B-AF11-40CA-9351-F708FCD880EC}.Debug|Any CPU.ActiveCfg = Debug|Any CPU
		{4DBFD12B-AF11-40CA-9351-F708FCD880EC}.Debug|Any CPU.Build.0 = Debug|Any CPU
		{4DBFD12B-AF11-40CA-9351-F708FCD880EC}.Release|Any CPU.ActiveCfg = Release|Any CPU
		{4DBFD12B-AF11-40CA-9351-F708FCD880EC}.Release|Any CPU.Build.0 = Release|Any CPU
		{710FFF45-96F5-4E13-A878-FA3C0F1A7BFA}.Debug|Any CPU.ActiveCfg = Debug|Any CPU
		{710FFF45-96F5-4E13-A878-FA3C0F1A7BFA}.Debug|Any CPU.Build.0 = Debug|Any CPU
		{710FFF45-96F5-4E13-A878-FA3C0F1A7BFA}.Release|Any CPU.ActiveCfg = Release|Any CPU
		{710FFF45-96F5-4E13-A878-FA3C0F1A7BFA}.Release|Any CPU.Build.0 = Release|Any CPU
		{6D11133B-4307-43F8-A2DD-84707C228823}.Debug|Any CPU.ActiveCfg = Debug|Any CPU
		{6D11133B-4307-43F8-A2DD-84707C228823}.Debug|Any CPU.Build.0 = Debug|Any CPU
		{6D11133B-4307-43F8-A2DD-84707C228823}.Release|Any CPU.ActiveCfg = Release|Any CPU
		{6D11133B-4307-43F8-A2DD-84707C228823}.Release|Any CPU.Build.0 = Release|Any CPU
		{C9A5D6A8-5C66-4371-9F84-9B8F6BF6C5ED}.Debug|Any CPU.ActiveCfg = Debug|Any CPU
		{C9A5D6A8-5C66-4371-9F84-9B8F6BF6C5ED}.Debug|Any CPU.Build.0 = Debug|Any CPU
		{C9A5D6A8-5C66-4371-9F84-9B8F6BF6C5ED}.Release|Any CPU.ActiveCfg = Release|Any CPU
		{C9A5D6A8-5C66-4371-9F84-9B8F6BF6C5ED}.Release|Any CPU.Build.0 = Release|Any CPU
		{9C3A0849-0188-4DC4-B881-86B7411E7CC6}.Debug|Any CPU.ActiveCfg = Debug|Any CPU
		{9C3A0849-0188-4DC4-B881-86B7411E7CC6}.Debug|Any CPU.Build.0 = Debug|Any CPU
		{9C3A0849-0188-4DC4-B881-86B7411E7CC6}.Release|Any CPU.ActiveCfg = Release|Any CPU
		{9C3A0849-0188-4DC4-B881-86B7411E7CC6}.Release|Any CPU.Build.0 = Release|Any CPU
		{0A996DF5-9971-475A-A091-0F73E7796B12}.Debug|Any CPU.ActiveCfg = Debug|Any CPU
		{0A996DF5-9971-475A-A091-0F73E7796B12}.Debug|Any CPU.Build.0 = Debug|Any CPU
		{0A996DF5-9971-475A-A091-0F73E7796B12}.Release|Any CPU.ActiveCfg = Release|Any CPU
		{0A996DF5-9971-475A-A091-0F73E7796B12}.Release|Any CPU.Build.0 = Release|Any CPU
	EndGlobalSection
	GlobalSection(SolutionProperties) = preSolution
		HideSolutionNode = FALSE
	EndGlobalSection
	GlobalSection(NestedProjects) = preSolution
		{81A5DF19-34F3-448A-AC5C-4F61E0B24D3F} = {217457B2-ABE4-41AC-BBFA-77B8308EE923}
		{4DBFD12B-AF11-40CA-9351-F708FCD880EC} = {0A9037E0-7218-40BA-B2F8-7ADF30A5B48E}
		{6D11133B-4307-43F8-A2DD-84707C228823} = {590829A5-1529-4562-ABC1-FF08B8AE87D7}
		{0A996DF5-9971-475A-A091-0F73E7796B12} = {A562CAAD-D699-4EFA-AA82-65A9823BDBC1}
	EndGlobalSection
	GlobalSection(ExtensibilityGlobals) = postSolution
		SolutionGuid = {D0EA38F7-079D-4CA2-B7B8-391087515D5C}
	EndGlobalSection
EndGlobal
